
Microsoft Visual Studio Solution File, Format Version 12.00
# Visual Studio Version 17
VisualStudioVersion = 17.0.31903.59
MinimumVisualStudioVersion = 10.0.40219.1
Project("{FAE04EC0-301F-11D3-BF4B-00C04F79EFBC}") = "ArtLogicEncoder", "Encoder\ArtLogicEncoder.csproj", "{8512C236-DF35-4106-8594-7DB035D9E6A4}"
EndProject
Project("{FAE04EC0-301F-11D3-BF4B-00C04F79EFBC}") = "Tests", "Tests\Tests.csproj", "{ECB48321-16E6-4DE3-BD7E-1BB77A64C325}"
EndProject
Global
	GlobalSection(SolutionConfigurationPlatforms) = preSolution
		Debug|Any CPU = Debug|Any CPU
		Release|Any CPU = Release|Any CPU
	EndGlobalSection
	GlobalSection(SolutionProperties) = preSolution
		HideSolutionNode = FALSE
	EndGlobalSection
	GlobalSection(ProjectConfigurationPlatforms) = postSolution
		{8512C236-DF35-4106-8594-7DB035D9E6A4}.Debug|Any CPU.ActiveCfg = Debug|Any CPU
		{8512C236-DF35-4106-8594-7DB035D9E6A4}.Debug|Any CPU.Build.0 = Debug|Any CPU
		{8512C236-DF35-4106-8594-7DB035D9E6A4}.Release|Any CPU.ActiveCfg = Release|Any CPU
		{8512C236-DF35-4106-8594-7DB035D9E6A4}.Release|Any CPU.Build.0 = Release|Any CPU
		{ECB48321-16E6-4DE3-BD7E-1BB77A64C325}.Debug|Any CPU.ActiveCfg = Debug|Any CPU
		{ECB48321-16E6-4DE3-BD7E-1BB77A64C325}.Debug|Any CPU.Build.0 = Debug|Any CPU
		{ECB48321-16E6-4DE3-BD7E-1BB77A64C325}.Release|Any CPU.ActiveCfg = Release|Any CPU
		{ECB48321-16E6-4DE3-BD7E-1BB77A64C325}.Release|Any CPU.Build.0 = Release|Any CPU
	EndGlobalSection
EndGlobal
