
Microsoft Visual Studio Solution File, Format Version 12.00
# Visual Studio Version 17
VisualStudioVersion = 17.0.31903.59
MinimumVisualStudioVersion = 10.0.40219.1
Project("{9A19103F-16F7-4668-BE54-9A1E7A4F7556}") = "Tests", "Tests\Tests.csproj", "{ECB48321-16E6-4DE3-BD7E-1BB77A64C325}"
EndProject
Project("{9A19103F-16F7-4668-BE54-9A1E7A4F7556}") = "Cryptography", "Cryptography\Cryptography.csproj", "{F2EE8A59-AF88-4AD2-9567-43D1721B805F}"
EndProject
Global
	GlobalSection(SolutionConfigurationPlatforms) = preSolution
		Debug|Any CPU = Debug|Any CPU
		Release|Any CPU = Release|Any CPU
	EndGlobalSection
	GlobalSection(ProjectConfigurationPlatforms) = postSolution
		{ECB48321-16E6-4DE3-BD7E-1BB77A64C325}.Debug|Any CPU.ActiveCfg = Debug|Any CPU
		{ECB48321-16E6-4DE3-BD7E-1BB77A64C325}.Debug|Any CPU.Build.0 = Debug|Any CPU
		{ECB48321-16E6-4DE3-BD7E-1BB77A64C325}.Release|Any CPU.ActiveCfg = Release|Any CPU
		{ECB48321-16E6-4DE3-BD7E-1BB77A64C325}.Release|Any CPU.Build.0 = Release|Any CPU
		{F2EE8A59-AF88-4AD2-9567-43D1721B805F}.Debug|Any CPU.ActiveCfg = Debug|Any CPU
		{F2EE8A59-AF88-4AD2-9567-43D1721B805F}.Debug|Any CPU.Build.0 = Debug|Any CPU
		{F2EE8A59-AF88-4AD2-9567-43D1721B805F}.Release|Any CPU.ActiveCfg = Release|Any CPU
		{F2EE8A59-AF88-4AD2-9567-43D1721B805F}.Release|Any CPU.Build.0 = Release|Any CPU
	EndGlobalSection
	GlobalSection(SolutionProperties) = preSolution
		HideSolutionNode = FALSE
	EndGlobalSection
	GlobalSection(ExtensibilityGlobals) = postSolution
		SolutionGuid = {103E9080-A9B0-4182-937C-D11EF728681B}
	EndGlobalSection
EndGlobal
